schema: '2.0'
stages:
  data_ingestion:
    cmd: python src/data/data_ingestion.py
    deps:
    - path: src/data/data_ingestion.py
      hash: md5
      md5: d8a37a30d4b5c617440d4bd08e68ad77
      size: 3518
    params:
      params.yaml:
        data_ingestion.test_size: 0.2
    outs:
    - path: data/raw
      hash: md5
      md5: b855e2bab4e21078d44844fee5be9da3.dir
      size: 6882906
      nfiles: 2
  data_preprocessing:
    cmd: python src/data/data_preprocessing.py
    deps:
    - path: data/raw/test.csv
      hash: md5
      md5: 295b88d81555e67a857db0337244e118
      size: 1341252
    - path: data/raw/train.csv
      hash: md5
      md5: 70faef66e6135c49f7f02db4a55e9fdd
      size: 5541654
    - path: src/data/data_preprocessing.py
      hash: md5
      md5: e8dde65e9fb386c996ceb6b9309f5914
      size: 3445
    outs:
    - path: data/interim
      hash: md5
      md5: a2bbccdc23dd271231099f8d5c99ff87.dir
      size: 5098055
      nfiles: 2
  model_building:
    cmd: python src/model/model_building.py
    deps:
    - path: data/interim/train_processed.csv
      hash: md5
      md5: 86284f4698366b0f2ee05c211c0e9453
      size: 4104889
    - path: src/model/model_building.py
      hash: md5
      md5: d2d09118698f3aff75fc77843c0d7b75
      size: 4562
    params:
      params.yaml:
        model_building.learning_rate: 0.09
        model_building.max_depth: 20
        model_building.max_features: 10000
        model_building.n_estimators: 367
        model_building.ngram_range:
        - 1
        - 3
    outs:
    - path: models/lgbm_model.pkl
      hash: md5
      md5: 4f9c2f514171cc7f6d054551ecce3df5
      size: 4116934
    - path: models/tfidf_vectorizer.pkl
      hash: md5
      md5: cf3f2ed09468e023d7745d66a03fd1b3
      size: 384115
  model_evaluation:
    cmd: python src/model/model_evaluation.py
    deps:
    - path: data/interim/test_processed.csv
      hash: md5
      md5: 5b260b8114240fb9c541c0d07b150b14
      size: 993166
    - path: data/interim/train_processed.csv
      hash: md5
      md5: 86284f4698366b0f2ee05c211c0e9453
      size: 4104889
    - path: models/lgbm_model.pkl
      hash: md5
      md5: 4f9c2f514171cc7f6d054551ecce3df5
      size: 4116934
    - path: models/tfidf_vectorizer.pkl
      hash: md5
      md5: cf3f2ed09468e023d7745d66a03fd1b3
      size: 384115
    - path: src/model/model_evaluation.py
      hash: md5
      md5: 93c052dbae257c173b7c3369c7113ec1
      size: 6771
  model_registration:
    cmd: python src/model/register_model.py
    deps:
    - path: reports/experiment_info.json
      hash: md5
      md5: fcca8fdb41253aa4c62656470847dee6
      size: 106
    - path: src/model/register_model.py
      hash: md5
      md5: 79ce9fdccaf4b23ad014a83ff1b5525f
      size: 2637
